
Microsoft Visual Studio Solution File, Format Version 12.00
# Visual Studio Version 17
VisualStudioVersion = 17.0.31903.59
MinimumVisualStudioVersion = 10.0.40219.1
Project("{FAE04EC0-301F-11D3-BF4B-00C04F79EFBC}") = "Bank", "Bank\Bank.csproj", "{89319A54-40BE-401E-900C-192938B51E8C}"
EndProject
Global
	GlobalSection(SolutionConfigurationPlatforms) = preSolution
		Debug|Any CPU = Debug|Any CPU
		Release|Any CPU = Release|Any CPU
	EndGlobalSection
	GlobalSection(SolutionProperties) = preSolution
		HideSolutionNode = FALSE
	EndGlobalSection
	GlobalSection(ProjectConfigurationPlatforms) = postSolution
		{89319A54-40BE-401E-900C-192938B51E8C}.Debug|Any CPU.ActiveCfg = Debug|Any CPU
		{89319A54-40BE-401E-900C-192938B51E8C}.Debug|Any CPU.Build.0 = Debug|Any CPU
		{89319A54-40BE-401E-900C-192938B51E8C}.Release|Any CPU.ActiveCfg = Release|Any CPU
		{89319A54-40BE-401E-900C-192938B51E8C}.Release|Any CPU.Build.0 = Release|Any CPU
	EndGlobalSection
EndGlobal
